
Microsoft Visual Studio Solution File, Format Version 12.00
# Visual Studio Version 16
VisualStudioVersion = 16.0.28803.156
MinimumVisualStudioVersion = 10.0.40219.1
Project("{FAE04EC0-301F-11D3-BF4B-00C04F79EFBC}") = "VS2019TestAPP", "VS2019TestAPP\VS2019TestAPP.csproj", "{70317CC2-C917-41EC-B30E-6896818C7EDD}"
EndProject
Global
	GlobalSection(SolutionConfigurationPlatforms) = preSolution
		Debug|Any CPU = Debug|Any CPU
		Release|Any CPU = Release|Any CPU
	EndGlobalSection
	GlobalSection(ProjectConfigurationPlatforms) = postSolution
		{70317CC2-C917-41EC-B30E-6896818C7EDD}.Debug|Any CPU.ActiveCfg = Debug|Any CPU
		{70317CC2-C917-41EC-B30E-6896818C7EDD}.Debug|Any CPU.Build.0 = Debug|Any CPU
		{70317CC2-C917-41EC-B30E-6896818C7EDD}.Release|Any CPU.ActiveCfg = Release|Any CPU
		{70317CC2-C917-41EC-B30E-6896818C7EDD}.Release|Any CPU.Build.0 = Release|Any CPU
	EndGlobalSection
	GlobalSection(SolutionProperties) = preSolution
		HideSolutionNode = FALSE
	EndGlobalSection
	GlobalSection(ExtensibilityGlobals) = postSolution
		SolutionGuid = {A07AE1BB-97D5-4390-A1FC-EBAD234A2F3F}
	EndGlobalSection
EndGlobal
